<?xml version="1.0" encoding="UTF-8"?>
<CodeBlocks_project_file>
	<FileVersion major="1" minor="6"/>
	<Project>
		<Option title="ECE30862_project"/>
		<Option makefile_is_custom="1"/>
		<Option compiler="gcc"/>
		<Option virtualFolders="CMake Files\;"/>
		<Build>
			<Target title="all">
				<Option working_dir="/Users/noureldinhendy/Developmentspace/ECE30862-project"/>
				<Option type="4"/>
				<MakeCommands>
					<Build command="/usr/bin/make -j8 -f &quot;/Users/noureldinhendy/Developmentspace/ECE30862-project/Makefile&quot;  VERBOSE=1 all"/>
					<CompileFile command="/usr/bin/make -j8 -f &quot;/Users/noureldinhendy/Developmentspace/ECE30862-project/Makefile&quot;  VERBOSE=1 &quot;$file&quot;"/>
					<Clean command="/usr/bin/make -j8 -f &quot;/Users/noureldinhendy/Developmentspace/ECE30862-project/Makefile&quot;  VERBOSE=1 clean"/>
					<DistClean command="/usr/bin/make -j8 -f &quot;/Users/noureldinhendy/Developmentspace/ECE30862-project/Makefile&quot;  VERBOSE=1 clean"/>
				</MakeCommands>
			</Target>
			<Target title="rebuild_cache">
				<Option working_dir="/Users/noureldinhendy/Developmentspace/ECE30862-project"/>
				<Option type="4"/>
				<MakeCommands>
					<Build command="/usr/bin/make -j8 -f &quot;/Users/noureldinhendy/Developmentspace/ECE30862-project/Makefile&quot;  VERBOSE=1 rebuild_cache"/>
					<CompileFile command="/usr/bin/make -j8 -f &quot;/Users/noureldinhendy/Developmentspace/ECE30862-project/Makefile&quot;  VERBOSE=1 &quot;$file&quot;"/>
					<Clean command="/usr/bin/make -j8 -f &quot;/Users/noureldinhendy/Developmentspace/ECE30862-project/Makefile&quot;  VERBOSE=1 clean"/>
					<DistClean command="/usr/bin/make -j8 -f &quot;/Users/noureldinhendy/Developmentspace/ECE30862-project/Makefile&quot;  VERBOSE=1 clean"/>
				</MakeCommands>
			</Target>
			<Target title="edit_cache">
				<Option working_dir="/Users/noureldinhendy/Developmentspace/ECE30862-project"/>
				<Option type="4"/>
				<MakeCommands>
					<Build command="/usr/bin/make -j8 -f &quot;/Users/noureldinhendy/Developmentspace/ECE30862-project/Makefile&quot;  VERBOSE=1 edit_cache"/>
					<CompileFile command="/usr/bin/make -j8 -f &quot;/Users/noureldinhendy/Developmentspace/ECE30862-project/Makefile&quot;  VERBOSE=1 &quot;$file&quot;"/>
					<Clean command="/usr/bin/make -j8 -f &quot;/Users/noureldinhendy/Developmentspace/ECE30862-project/Makefile&quot;  VERBOSE=1 clean"/>
					<DistClean command="/usr/bin/make -j8 -f &quot;/Users/noureldinhendy/Developmentspace/ECE30862-project/Makefile&quot;  VERBOSE=1 clean"/>
				</MakeCommands>
			</Target>
			<Target title="ECE30862_project">
				<Option output="/Users/noureldinhendy/Developmentspace/ECE30862-project/bin/ECE30862_project" prefix_auto="0" extension_auto="0"/>
				<Option working_dir="/Users/noureldinhendy/Developmentspace/ECE30862-project/bin/"/>
				<Option object_output="./"/>
				<Option type="1"/>
				<Option compiler="gcc"/>
				<Compiler>
					<Add directory="/Users/noureldinhendy/Developmentspace/ECE30862-project/inc"/>
					<Add directory="/Users/noureldinhendy/Developmentspace/ECE30862-project/lib"/>
					<Add directory="/Users/noureldinhendy/Developmentspace/ECE30862-project/lib/rapidxml-1.13"/>
					<Add directory="/Users/noureldinhendy/Developmentspace/ECE30862-project/src"/>
					<Add directory="/usr/local/include"/>
					<Add directory="/Library/Developer/CommandLineTools/usr/include/c++/v1"/>
					<Add directory="/Library/Developer/CommandLineTools/usr/lib/clang/9.1.0/include"/>
					<Add directory="/Library/Developer/CommandLineTools/usr/include"/>
					<Add directory="/usr/include"/>
					<Add directory="/System/Library/Frameworks"/>
					<Add directory="/Library/Frameworks"/>
				</Compiler>
				<MakeCommands>
					<Build command="/usr/bin/make -j8 -f &quot;/Users/noureldinhendy/Developmentspace/ECE30862-project/Makefile&quot;  VERBOSE=1 ECE30862_project"/>
					<CompileFile command="/usr/bin/make -j8 -f &quot;/Users/noureldinhendy/Developmentspace/ECE30862-project/Makefile&quot;  VERBOSE=1 &quot;$file&quot;"/>
					<Clean command="/usr/bin/make -j8 -f &quot;/Users/noureldinhendy/Developmentspace/ECE30862-project/Makefile&quot;  VERBOSE=1 clean"/>
					<DistClean command="/usr/bin/make -j8 -f &quot;/Users/noureldinhendy/Developmentspace/ECE30862-project/Makefile&quot;  VERBOSE=1 clean"/>
				</MakeCommands>
			</Target>
			<Target title="ECE30862_project/fast">
				<Option output="/Users/noureldinhendy/Developmentspace/ECE30862-project/bin/ECE30862_project" prefix_auto="0" extension_auto="0"/>
				<Option working_dir="/Users/noureldinhendy/Developmentspace/ECE30862-project/bin/"/>
				<Option object_output="./"/>
				<Option type="1"/>
				<Option compiler="gcc"/>
				<Compiler>
					<Add directory="/Users/noureldinhendy/Developmentspace/ECE30862-project/inc"/>
					<Add directory="/Users/noureldinhendy/Developmentspace/ECE30862-project/lib"/>
					<Add directory="/Users/noureldinhendy/Developmentspace/ECE30862-project/lib/rapidxml-1.13"/>
					<Add directory="/Users/noureldinhendy/Developmentspace/ECE30862-project/src"/>
					<Add directory="/usr/local/include"/>
					<Add directory="/Library/Developer/CommandLineTools/usr/include/c++/v1"/>
					<Add directory="/Library/Developer/CommandLineTools/usr/lib/clang/9.1.0/include"/>
					<Add directory="/Library/Developer/CommandLineTools/usr/include"/>
					<Add directory="/usr/include"/>
					<Add directory="/System/Library/Frameworks"/>
					<Add directory="/Library/Frameworks"/>
				</Compiler>
				<MakeCommands>
					<Build command="/usr/bin/make -j8 -f &quot;/Users/noureldinhendy/Developmentspace/ECE30862-project/Makefile&quot;  VERBOSE=1 ECE30862_project/fast"/>
					<CompileFile command="/usr/bin/make -j8 -f &quot;/Users/noureldinhendy/Developmentspace/ECE30862-project/Makefile&quot;  VERBOSE=1 &quot;$file&quot;"/>
					<Clean command="/usr/bin/make -j8 -f &quot;/Users/noureldinhendy/Developmentspace/ECE30862-project/Makefile&quot;  VERBOSE=1 clean"/>
					<DistClean command="/usr/bin/make -j8 -f &quot;/Users/noureldinhendy/Developmentspace/ECE30862-project/Makefile&quot;  VERBOSE=1 clean"/>
				</MakeCommands>
			</Target>
		</Build>
		<Unit filename="/Users/noureldinhendy/Developmentspace/ECE30862-project/CMakeLists.txt">
			<Option target="ECE30862_project"/>
		</Unit>
		<Unit filename="/Users/noureldinhendy/Developmentspace/ECE30862-project/bin/sample.txt.xml">
			<Option target="ECE30862_project"/>
		</Unit>
		<Unit filename="/Users/noureldinhendy/Developmentspace/ECE30862-project/inc/Condition.hpp">
			<Option target="ECE30862_project"/>
		</Unit>
		<Unit filename="/Users/noureldinhendy/Developmentspace/ECE30862-project/inc/ConditionFactory.hpp">
			<Option target="ECE30862_project"/>
		</Unit>
		<Unit filename="/Users/noureldinhendy/Developmentspace/ECE30862-project/inc/Container.hpp">
			<Option target="ECE30862_project"/>
		</Unit>
		<Unit filename="/Users/noureldinhendy/Developmentspace/ECE30862-project/inc/Creature.hpp">
			<Option target="ECE30862_project"/>
		</Unit>
		<Unit filename="/Users/noureldinhendy/Developmentspace/ECE30862-project/inc/GameObjectModel.hpp">
			<Option target="ECE30862_project"/>
		</Unit>
		<Unit filename="/Users/noureldinhendy/Developmentspace/ECE30862-project/inc/GameWorld.hpp">
			<Option target="ECE30862_project"/>
		</Unit>
		<Unit filename="/Users/noureldinhendy/Developmentspace/ECE30862-project/inc/HasCondition.hpp">
			<Option target="ECE30862_project"/>
		</Unit>
		<Unit filename="/Users/noureldinhendy/Developmentspace/ECE30862-project/inc/InputHandler.hpp">
			<Option target="ECE30862_project"/>
		</Unit>
		<Unit filename="/Users/noureldinhendy/Developmentspace/ECE30862-project/inc/Item.hpp">
			<Option target="ECE30862_project"/>
		</Unit>
		<Unit filename="/Users/noureldinhendy/Developmentspace/ECE30862-project/inc/Room.hpp">
			<Option target="ECE30862_project"/>
		</Unit>
		<Unit filename="/Users/noureldinhendy/Developmentspace/ECE30862-project/inc/StatusCondition.hpp">
			<Option target="ECE30862_project"/>
		</Unit>
		<Unit filename="/Users/noureldinhendy/Developmentspace/ECE30862-project/inc/Trigger.hpp">
			<Option target="ECE30862_project"/>
		</Unit>
		<Unit filename="/Users/noureldinhendy/Developmentspace/ECE30862-project/lib/rapidxml-1.13/rapidxml.hpp">
			<Option target="ECE30862_project"/>
		</Unit>
		<Unit filename="/Users/noureldinhendy/Developmentspace/ECE30862-project/lib/rapidxml-1.13/rapidxml_iterators.hpp">
			<Option target="ECE30862_project"/>
		</Unit>
		<Unit filename="/Users/noureldinhendy/Developmentspace/ECE30862-project/lib/rapidxml-1.13/rapidxml_print.hpp">
			<Option target="ECE30862_project"/>
		</Unit>
		<Unit filename="/Users/noureldinhendy/Developmentspace/ECE30862-project/lib/rapidxml-1.13/rapidxml_utils.hpp">
			<Option target="ECE30862_project"/>
		</Unit>
		<Unit filename="/Users/noureldinhendy/Developmentspace/ECE30862-project/src/ConditionFactory.cpp">
			<Option target="ECE30862_project"/>
		</Unit>
		<Unit filename="/Users/noureldinhendy/Developmentspace/ECE30862-project/src/Creature.cpp">
			<Option target="ECE30862_project"/>
		</Unit>
		<Unit filename="/Users/noureldinhendy/Developmentspace/ECE30862-project/src/GameObjectModel.cpp">
			<Option target="ECE30862_project"/>
		</Unit>
		<Unit filename="/Users/noureldinhendy/Developmentspace/ECE30862-project/src/GameWorld.cpp">
			<Option target="ECE30862_project"/>
		</Unit>
		<Unit filename="/Users/noureldinhendy/Developmentspace/ECE30862-project/src/HasCondition.cpp">
			<Option target="ECE30862_project"/>
		</Unit>
		<Unit filename="/Users/noureldinhendy/Developmentspace/ECE30862-project/src/Item.cpp">
			<Option target="ECE30862_project"/>
		</Unit>
		<Unit filename="/Users/noureldinhendy/Developmentspace/ECE30862-project/src/Room.cpp">
			<Option target="ECE30862_project"/>
		</Unit>
		<Unit filename="/Users/noureldinhendy/Developmentspace/ECE30862-project/src/StatusCondition.cpp">
			<Option target="ECE30862_project"/>
		</Unit>
		<Unit filename="/Users/noureldinhendy/Developmentspace/ECE30862-project/src/Trigger.cpp">
			<Option target="ECE30862_project"/>
		</Unit>
		<Unit filename="/Users/noureldinhendy/Developmentspace/ECE30862-project/src/main.cpp">
			<Option target="ECE30862_project"/>
		</Unit>
		<Unit filename="/Users/noureldinhendy/Developmentspace/ECE30862-project/CMakeLists.txt">
			<Option virtualFolder="CMake Files\"/>
		</Unit>
	</Project>
</CodeBlocks_project_file>
