<?xml version="1.0" encoding="UTF-8"?>
<CodeBlocks_project_file>
	<FileVersion major="1" minor="6"/>
	<Project>
		<Option title="ECE30862_project"/>
		<Option makefile_is_custom="1"/>
		<Option compiler="gcc"/>
		<Option virtualFolders="CMake Files\;"/>
		<Build>
			<Target title="all">
				<Option working_dir="/Users/noureldinhendy/Developmentspace/ECE30862-project/src"/>
				<Option type="4"/>
				<MakeCommands>
					<Build command="/usr/bin/make -j8 -f &quot;/Users/noureldinhendy/Developmentspace/ECE30862-project/src/Makefile&quot;  VERBOSE=1 all"/>
					<CompileFile command="/usr/bin/make -j8 -f &quot;/Users/noureldinhendy/Developmentspace/ECE30862-project/src/Makefile&quot;  VERBOSE=1 &quot;$file&quot;"/>
					<Clean command="/usr/bin/make -j8 -f &quot;/Users/noureldinhendy/Developmentspace/ECE30862-project/src/Makefile&quot;  VERBOSE=1 clean"/>
					<DistClean command="/usr/bin/make -j8 -f &quot;/Users/noureldinhendy/Developmentspace/ECE30862-project/src/Makefile&quot;  VERBOSE=1 clean"/>
				</MakeCommands>
			</Target>
			<Target title="rebuild_cache">
				<Option working_dir="/Users/noureldinhendy/Developmentspace/ECE30862-project/src"/>
				<Option type="4"/>
				<MakeCommands>
					<Build command="/usr/bin/make -j8 -f &quot;/Users/noureldinhendy/Developmentspace/ECE30862-project/src/Makefile&quot;  VERBOSE=1 rebuild_cache"/>
					<CompileFile command="/usr/bin/make -j8 -f &quot;/Users/noureldinhendy/Developmentspace/ECE30862-project/src/Makefile&quot;  VERBOSE=1 &quot;$file&quot;"/>
					<Clean command="/usr/bin/make -j8 -f &quot;/Users/noureldinhendy/Developmentspace/ECE30862-project/src/Makefile&quot;  VERBOSE=1 clean"/>
					<DistClean command="/usr/bin/make -j8 -f &quot;/Users/noureldinhendy/Developmentspace/ECE30862-project/src/Makefile&quot;  VERBOSE=1 clean"/>
				</MakeCommands>
			</Target>
			<Target title="edit_cache">
				<Option working_dir="/Users/noureldinhendy/Developmentspace/ECE30862-project/src"/>
				<Option type="4"/>
				<MakeCommands>
					<Build command="/usr/bin/make -j8 -f &quot;/Users/noureldinhendy/Developmentspace/ECE30862-project/src/Makefile&quot;  VERBOSE=1 edit_cache"/>
					<CompileFile command="/usr/bin/make -j8 -f &quot;/Users/noureldinhendy/Developmentspace/ECE30862-project/src/Makefile&quot;  VERBOSE=1 &quot;$file&quot;"/>
					<Clean command="/usr/bin/make -j8 -f &quot;/Users/noureldinhendy/Developmentspace/ECE30862-project/src/Makefile&quot;  VERBOSE=1 clean"/>
					<DistClean command="/usr/bin/make -j8 -f &quot;/Users/noureldinhendy/Developmentspace/ECE30862-project/src/Makefile&quot;  VERBOSE=1 clean"/>
				</MakeCommands>
			</Target>
			<Target title="ECE30862_project">
				<Option output="/Users/noureldinhendy/Developmentspace/ECE30862-project/src/ECE30862_project" prefix_auto="0" extension_auto="0"/>
				<Option working_dir="/Users/noureldinhendy/Developmentspace/ECE30862-project/src"/>
				<Option object_output="./"/>
				<Option type="1"/>
				<Option compiler="gcc"/>
				<Compiler>
					<Add directory="/Users/noureldinhendy/Developmentspace/ECE30862-project/inc"/>
					<Add directory="/Users/noureldinhendy/Developmentspace/ECE30862-project/lib"/>
					<Add directory="/Users/noureldinhendy/Developmentspace/ECE30862-project/lib/pugixml-1.9"/>
					<Add directory="/Users/noureldinhendy/Developmentspace/ECE30862-project/lib/pugixml-1.9/contrib"/>
					<Add directory="/Users/noureldinhendy/Developmentspace/ECE30862-project/lib/pugixml-1.9/src"/>
					<Add directory="/Users/noureldinhendy/Developmentspace/ECE30862-project/lib/rapidxml-1.13"/>
					<Add directory="/Users/noureldinhendy/Developmentspace/ECE30862-project/src"/>
					<Add directory="/usr/local/include"/>
					<Add directory="/Library/Developer/CommandLineTools/usr/include/c++/v1"/>
					<Add directory="/Library/Developer/CommandLineTools/usr/lib/clang/9.1.0/include"/>
					<Add directory="/Library/Developer/CommandLineTools/usr/include"/>
					<Add directory="/usr/include"/>
					<Add directory="/System/Library/Frameworks"/>
					<Add directory="/Library/Frameworks"/>
				</Compiler>
				<MakeCommands>
					<Build command="/usr/bin/make -j8 -f &quot;/Users/noureldinhendy/Developmentspace/ECE30862-project/src/Makefile&quot;  VERBOSE=1 ECE30862_project"/>
					<CompileFile command="/usr/bin/make -j8 -f &quot;/Users/noureldinhendy/Developmentspace/ECE30862-project/src/Makefile&quot;  VERBOSE=1 &quot;$file&quot;"/>
					<Clean command="/usr/bin/make -j8 -f &quot;/Users/noureldinhendy/Developmentspace/ECE30862-project/src/Makefile&quot;  VERBOSE=1 clean"/>
					<DistClean command="/usr/bin/make -j8 -f &quot;/Users/noureldinhendy/Developmentspace/ECE30862-project/src/Makefile&quot;  VERBOSE=1 clean"/>
				</MakeCommands>
			</Target>
			<Target title="ECE30862_project/fast">
				<Option output="/Users/noureldinhendy/Developmentspace/ECE30862-project/src/ECE30862_project" prefix_auto="0" extension_auto="0"/>
				<Option working_dir="/Users/noureldinhendy/Developmentspace/ECE30862-project/src"/>
				<Option object_output="./"/>
				<Option type="1"/>
				<Option compiler="gcc"/>
				<Compiler>
					<Add directory="/Users/noureldinhendy/Developmentspace/ECE30862-project/inc"/>
					<Add directory="/Users/noureldinhendy/Developmentspace/ECE30862-project/lib"/>
					<Add directory="/Users/noureldinhendy/Developmentspace/ECE30862-project/lib/pugixml-1.9"/>
					<Add directory="/Users/noureldinhendy/Developmentspace/ECE30862-project/lib/pugixml-1.9/contrib"/>
					<Add directory="/Users/noureldinhendy/Developmentspace/ECE30862-project/lib/pugixml-1.9/src"/>
					<Add directory="/Users/noureldinhendy/Developmentspace/ECE30862-project/lib/rapidxml-1.13"/>
					<Add directory="/Users/noureldinhendy/Developmentspace/ECE30862-project/src"/>
					<Add directory="/usr/local/include"/>
					<Add directory="/Library/Developer/CommandLineTools/usr/include/c++/v1"/>
					<Add directory="/Library/Developer/CommandLineTools/usr/lib/clang/9.1.0/include"/>
					<Add directory="/Library/Developer/CommandLineTools/usr/include"/>
					<Add directory="/usr/include"/>
					<Add directory="/System/Library/Frameworks"/>
					<Add directory="/Library/Frameworks"/>
				</Compiler>
				<MakeCommands>
					<Build command="/usr/bin/make -j8 -f &quot;/Users/noureldinhendy/Developmentspace/ECE30862-project/src/Makefile&quot;  VERBOSE=1 ECE30862_project/fast"/>
					<CompileFile command="/usr/bin/make -j8 -f &quot;/Users/noureldinhendy/Developmentspace/ECE30862-project/src/Makefile&quot;  VERBOSE=1 &quot;$file&quot;"/>
					<Clean command="/usr/bin/make -j8 -f &quot;/Users/noureldinhendy/Developmentspace/ECE30862-project/src/Makefile&quot;  VERBOSE=1 clean"/>
					<DistClean command="/usr/bin/make -j8 -f &quot;/Users/noureldinhendy/Developmentspace/ECE30862-project/src/Makefile&quot;  VERBOSE=1 clean"/>
				</MakeCommands>
			</Target>
		</Build>
		<Unit filename="/Users/noureldinhendy/Developmentspace/ECE30862-project/CMakeLists.txt">
			<Option target="ECE30862_project"/>
		</Unit>
		<Unit filename="/Users/noureldinhendy/Developmentspace/ECE30862-project/inc/ConditionModel.h">
			<Option target="ECE30862_project"/>
		</Unit>
		<Unit filename="/Users/noureldinhendy/Developmentspace/ECE30862-project/inc/Container.h">
			<Option target="ECE30862_project"/>
		</Unit>
		<Unit filename="/Users/noureldinhendy/Developmentspace/ECE30862-project/inc/Creature.h">
			<Option target="ECE30862_project"/>
		</Unit>
		<Unit filename="/Users/noureldinhendy/Developmentspace/ECE30862-project/inc/GameObjectModel.h">
			<Option target="ECE30862_project"/>
		</Unit>
		<Unit filename="/Users/noureldinhendy/Developmentspace/ECE30862-project/inc/GameWorld.h">
			<Option target="ECE30862_project"/>
		</Unit>
		<Unit filename="/Users/noureldinhendy/Developmentspace/ECE30862-project/inc/HasCondition.h">
			<Option target="ECE30862_project"/>
		</Unit>
		<Unit filename="/Users/noureldinhendy/Developmentspace/ECE30862-project/inc/Item.h">
			<Option target="ECE30862_project"/>
		</Unit>
		<Unit filename="/Users/noureldinhendy/Developmentspace/ECE30862-project/inc/Room.h">
			<Option target="ECE30862_project"/>
		</Unit>
		<Unit filename="/Users/noureldinhendy/Developmentspace/ECE30862-project/inc/StatusCondition.h">
			<Option target="ECE30862_project"/>
		</Unit>
		<Unit filename="/Users/noureldinhendy/Developmentspace/ECE30862-project/inc/Trigger.h">
			<Option target="ECE30862_project"/>
		</Unit>
		<Unit filename="/Users/noureldinhendy/Developmentspace/ECE30862-project/lib/pugixml-1.9/contrib/foreach.hpp">
			<Option target="ECE30862_project"/>
		</Unit>
		<Unit filename="/Users/noureldinhendy/Developmentspace/ECE30862-project/lib/pugixml-1.9/src/pugiconfig.hpp">
			<Option target="ECE30862_project"/>
		</Unit>
		<Unit filename="/Users/noureldinhendy/Developmentspace/ECE30862-project/lib/pugixml-1.9/src/pugixml.cpp">
			<Option target="ECE30862_project"/>
		</Unit>
		<Unit filename="/Users/noureldinhendy/Developmentspace/ECE30862-project/lib/pugixml-1.9/src/pugixml.hpp">
			<Option target="ECE30862_project"/>
		</Unit>
		<Unit filename="/Users/noureldinhendy/Developmentspace/ECE30862-project/lib/rapidxml-1.13/rapidxml.hpp">
			<Option target="ECE30862_project"/>
		</Unit>
		<Unit filename="/Users/noureldinhendy/Developmentspace/ECE30862-project/lib/rapidxml-1.13/rapidxml_iterators.hpp">
			<Option target="ECE30862_project"/>
		</Unit>
		<Unit filename="/Users/noureldinhendy/Developmentspace/ECE30862-project/lib/rapidxml-1.13/rapidxml_print.hpp">
			<Option target="ECE30862_project"/>
		</Unit>
		<Unit filename="/Users/noureldinhendy/Developmentspace/ECE30862-project/lib/rapidxml-1.13/rapidxml_utils.hpp">
			<Option target="ECE30862_project"/>
		</Unit>
		<Unit filename="/Users/noureldinhendy/Developmentspace/ECE30862-project/src/GameWorld.cpp">
			<Option target="ECE30862_project"/>
		</Unit>
		<Unit filename="/Users/noureldinhendy/Developmentspace/ECE30862-project/src/main.cpp">
			<Option target="ECE30862_project"/>
		</Unit>
		<Unit filename="/Users/noureldinhendy/Developmentspace/ECE30862-project/src/sample.txt.xml">
			<Option target="ECE30862_project"/>
		</Unit>
		<Unit filename="/Users/noureldinhendy/Developmentspace/ECE30862-project/CMakeLists.txt">
			<Option virtualFolder="CMake Files\"/>
		</Unit>
	</Project>
</CodeBlocks_project_file>
